
Microsoft Visual Studio Solution File, Format Version 12.00
# Visual Studio 15
VisualStudioVersion = 15.0.28010.2048
MinimumVisualStudioVersion = 10.0.40219.1
Project("{FAE04EC0-301F-11D3-BF4B-00C04F79EFBC}") = "HowToDriver", "howto\HowToDriver.csproj", "{AE5D8455-9E70-4AB9-AB31-BB60ED013610}"
EndProject
Project("{FAE04EC0-301F-11D3-BF4B-00C04F79EFBC}") = "Pulse", "pulse\Pulse.csproj", "{573097F1-FBB8-494A-9AE8-7B487784D65E}"
EndProject
Global
	GlobalSection(SolutionConfigurationPlatforms) = preSolution
		Debug|Any CPU = Debug|Any CPU
		Release|Any CPU = Release|Any CPU
	EndGlobalSection
	GlobalSection(ProjectConfigurationPlatforms) = postSolution
		{AE5D8455-9E70-4AB9-AB31-BB60ED013610}.Debug|Any CPU.ActiveCfg = Debug|Any CPU
		{AE5D8455-9E70-4AB9-AB31-BB60ED013610}.Debug|Any CPU.Build.0 = Debug|Any CPU
		{AE5D8455-9E70-4AB9-AB31-BB60ED013610}.Release|Any CPU.ActiveCfg = Release|Any CPU
		{AE5D8455-9E70-4AB9-AB31-BB60ED013610}.Release|Any CPU.Build.0 = Release|Any CPU
		{573097F1-FBB8-494A-9AE8-7B487784D65E}.Debug|Any CPU.ActiveCfg = Debug|Any CPU
		{573097F1-FBB8-494A-9AE8-7B487784D65E}.Debug|Any CPU.Build.0 = Debug|Any CPU
		{573097F1-FBB8-494A-9AE8-7B487784D65E}.Release|Any CPU.ActiveCfg = Release|Any CPU
		{573097F1-FBB8-494A-9AE8-7B487784D65E}.Release|Any CPU.Build.0 = Release|Any CPU
	EndGlobalSection
	GlobalSection(SolutionProperties) = preSolution
		HideSolutionNode = FALSE
	EndGlobalSection
	GlobalSection(ExtensibilityGlobals) = postSolution
		SolutionGuid = {85696B76-5E05-4E52-8E1E-A42766963AE5}
	EndGlobalSection
EndGlobal
