
Microsoft Visual Studio Solution File, Format Version 12.00
# Visual Studio 15
VisualStudioVersion = 15.0.28010.2048
MinimumVisualStudioVersion = 10.0.40219.1
Project("{FAE04EC0-301F-11D3-BF4B-00C04F79EFBC}") = "DataModelBindings.nf", "schema\DataModelBindings.nf.csproj", "{1194CEC1-6AE7-48E4-B214-90C72DD6C90B}"
EndProject
Project("{FAE04EC0-301F-11D3-BF4B-00C04F79EFBC}") = "CommonDataModel.nf", "cdm\csharp\CommonDataModel.nf.csproj", "{DC674C38-20D9-4195-8D33-D6F9452B6FCA}"
EndProject
Project("{FAE04EC0-301F-11D3-BF4B-00C04F79EFBC}") = "PulseEngine.nf", "engine\csharp\PulseEngine.nf.csproj", "{A9981DA7-5ADB-4F69-BE10-F79D806A0A90}"
EndProject
Global
	GlobalSection(SolutionConfigurationPlatforms) = preSolution
		Debug|Any CPU = Debug|Any CPU
		Release|Any CPU = Release|Any CPU
	EndGlobalSection
	GlobalSection(ProjectConfigurationPlatforms) = postSolution
		{1194CEC1-6AE7-48E4-B214-90C72DD6C90B}.Debug|Any CPU.ActiveCfg = Debug|Any CPU
		{1194CEC1-6AE7-48E4-B214-90C72DD6C90B}.Debug|Any CPU.Build.0 = Debug|Any CPU
		{1194CEC1-6AE7-48E4-B214-90C72DD6C90B}.Release|Any CPU.ActiveCfg = Release|Any CPU
		{1194CEC1-6AE7-48E4-B214-90C72DD6C90B}.Release|Any CPU.Build.0 = Release|Any CPU
		{DC674C38-20D9-4195-8D33-D6F9452B6FCA}.Debug|Any CPU.ActiveCfg = Debug|Any CPU
		{DC674C38-20D9-4195-8D33-D6F9452B6FCA}.Debug|Any CPU.Build.0 = Debug|Any CPU
		{DC674C38-20D9-4195-8D33-D6F9452B6FCA}.Release|Any CPU.ActiveCfg = Release|Any CPU
		{DC674C38-20D9-4195-8D33-D6F9452B6FCA}.Release|Any CPU.Build.0 = Release|Any CPU
		{A9981DA7-5ADB-4F69-BE10-F79D806A0A90}.Debug|Any CPU.ActiveCfg = Debug|Any CPU
		{A9981DA7-5ADB-4F69-BE10-F79D806A0A90}.Debug|Any CPU.Build.0 = Debug|Any CPU
		{A9981DA7-5ADB-4F69-BE10-F79D806A0A90}.Release|Any CPU.ActiveCfg = Release|Any CPU
		{A9981DA7-5ADB-4F69-BE10-F79D806A0A90}.Release|Any CPU.Build.0 = Release|Any CPU
	EndGlobalSection
	GlobalSection(SolutionProperties) = preSolution
		HideSolutionNode = FALSE
	EndGlobalSection
	GlobalSection(ExtensibilityGlobals) = postSolution
		SolutionGuid = {85696B76-5E05-4E52-8E1E-A42766963AE5}
	EndGlobalSection
EndGlobal
